
Microsoft Visual Studio Solution File, Format Version 12.00
# Visual Studio Version 17
VisualStudioVersion = 17.5.33516.290
MinimumVisualStudioVersion = 10.0.40219.1
Project("{FAE04EC0-301F-11D3-BF4B-00C04F79EFBC}") = "SistemaRegulacao", "SistemaRegulacao\SistemaRegulacao.csproj", "{DC13B53B-B912-4533-82F2-8E4418B48BE4}"
EndProject
Global
	GlobalSection(SolutionConfigurationPlatforms) = preSolution
		Debug|Any CPU = Debug|Any CPU
		Release|Any CPU = Release|Any CPU
	EndGlobalSection
	GlobalSection(ProjectConfigurationPlatforms) = postSolution
		{DC13B53B-B912-4533-82F2-8E4418B48BE4}.Debug|Any CPU.ActiveCfg = Debug|Any CPU
		{DC13B53B-B912-4533-82F2-8E4418B48BE4}.Debug|Any CPU.Build.0 = Debug|Any CPU
		{DC13B53B-B912-4533-82F2-8E4418B48BE4}.Release|Any CPU.ActiveCfg = Release|Any CPU
		{DC13B53B-B912-4533-82F2-8E4418B48BE4}.Release|Any CPU.Build.0 = Release|Any CPU
	EndGlobalSection
	GlobalSection(SolutionProperties) = preSolution
		HideSolutionNode = FALSE
	EndGlobalSection
	GlobalSection(ExtensibilityGlobals) = postSolution
		SolutionGuid = {1BAEE319-E042-4FF6-94B2-4D077D031FC4}
	EndGlobalSection
EndGlobal
